# This file is automatically @generated by Cargo.
# It is not intended for manual editing.
version = 3

[[package]]
name = "abort_on_panic"
version = "2.0.0"
source = "registry+https://github.com/rust-lang/crates.io-index"
checksum = "955f37ac58af2416bac687c8ab66a4ccba282229bd7422a28d2281a5e66a6116"

[[package]]
name = "adler"
version = "1.0.2"
source = "registry+https://github.com/rust-lang/crates.io-index"
checksum = "f26201604c87b1e01bd3d98f8d5d9a8fcbb815e8cedb41ffccbeb4bf593a35fe"

[[package]]
name = "aes"
version = "0.7.4"
source = "registry+https://github.com/rust-lang/crates.io-index"
checksum = "495ee669413bfbe9e8cace80f4d3d78e6d8c8d99579f97fb93bde351b185f2d4"
dependencies = [
 "cfg-if 1.0.0",
 "cipher",
 "cpufeatures",
 "opaque-debug",
]

[[package]]
name = "ahash"
version = "0.7.4"
source = "registry+https://github.com/rust-lang/crates.io-index"
checksum = "43bb833f0bf979d8475d38fbf09ed3b8a55e1885fe93ad3f93239fc6a4f17b98"
dependencies = [
 "getrandom",
 "once_cell",
 "version_check",
]

[[package]]
name = "aho-corasick"
version = "0.7.18"
source = "registry+https://github.com/rust-lang/crates.io-index"
checksum = "1e37cfd5e7657ada45f742d6e99ca5788580b5c529dc78faf11ece6dc702656f"
dependencies = [
 "memchr",
]

[[package]]
name = "ansi_term"
version = "0.11.0"
source = "registry+https://github.com/rust-lang/crates.io-index"
checksum = "ee49baf6cb617b853aa8d93bf420db2383fab46d314482ca2803b40d5fde979b"
dependencies = [
 "winapi",
]

[[package]]
name = "antidote"
version = "1.0.0"
source = "registry+https://github.com/rust-lang/crates.io-index"
checksum = "34fde25430d87a9388dadbe6e34d7f72a462c8b43ac8d309b42b0a8505d7e2a5"

[[package]]
name = "anyhow"
version = "1.0.41"
source = "registry+https://github.com/rust-lang/crates.io-index"
checksum = "15af2628f6890fe2609a3b91bef4c83450512802e59489f9c1cb1fa5df064a61"

[[package]]
name = "array2d"
version = "0.2.1"
dependencies = [
 "rust-cuda",
 "serde",
]

[[package]]
name = "atty"
version = "0.2.14"
source = "registry+https://github.com/rust-lang/crates.io-index"
checksum = "d9b39be18770d11421cdb1b9947a45dd3f37e93092cbf377614828a319d5fee8"
dependencies = [
 "hermit-abi",
 "libc",
 "winapi",
]

[[package]]
name = "autocfg"
version = "1.0.1"
source = "registry+https://github.com/rust-lang/crates.io-index"
checksum = "cdb031dd78e28731d87d56cc8ffef4a8f36ca26c38fe2de700543e627f8a464a"

[[package]]
name = "base64"
version = "0.13.0"
source = "registry+https://github.com/rust-lang/crates.io-index"
checksum = "904dfeac50f3cdaba28fc6f57fdcddb75f49ed61346676a78c4ffe55877802fd"

[[package]]
name = "bincode"
version = "1.3.3"
source = "registry+https://github.com/rust-lang/crates.io-index"
checksum = "b1f45e9417d87227c7a56d22e471c6206462cba514c7590c09aff4cf6d1ddcad"
dependencies = [
 "serde",
]

[[package]]
name = "bindgen"
version = "0.55.1"
source = "registry+https://github.com/rust-lang/crates.io-index"
checksum = "75b13ce559e6433d360c26305643803cb52cfbabbc2b9c47ce04a58493dfb443"
dependencies = [
 "bitflags",
 "cexpr",
 "cfg-if 0.1.10",
 "clang-sys",
 "clap",
 "env_logger",
 "lazy_static",
 "lazycell",
 "log",
 "peeking_take_while",
 "proc-macro2",
 "quote",
 "regex",
 "rustc-hash",
 "shlex",
 "which",
]

[[package]]
name = "bitflags"
version = "1.2.1"
source = "registry+https://github.com/rust-lang/crates.io-index"
checksum = "cf1de2fe8c75bc145a2f577add951f8134889b4795d47466a54a5c846d691693"

[[package]]
name = "build-probe-mpi"
version = "0.1.1"
source = "git+https://github.com/rsmpi/rsmpi?rev=e9b1844#e9b18441bb967862f46f853b4d5ffda8f5c55b33"
dependencies = [
 "pkg-config",
]

[[package]]
name = "byteorder"
version = "1.4.3"
source = "registry+https://github.com/rust-lang/crates.io-index"
checksum = "14c189c53d098945499cdfa7ecc63567cf3886b3332b312a5b4585d8d3a6a610"

[[package]]
name = "cc"
version = "1.0.68"
source = "registry+https://github.com/rust-lang/crates.io-index"
checksum = "4a72c244c1ff497a746a7e1fb3d14bd08420ecda70c8f25c7112f2781652d787"

[[package]]
name = "cexpr"
version = "0.4.0"
source = "registry+https://github.com/rust-lang/crates.io-index"
checksum = "f4aedb84272dbe89af497cf81375129abda4fc0a9e7c5d317498c15cc30c0d27"
dependencies = [
 "nom",
]

[[package]]
name = "cfg-if"
version = "0.1.10"
source = "registry+https://github.com/rust-lang/crates.io-index"
checksum = "4785bdd1c96b2a846b2bd7cc02e86b6b3dbf14e7e53446c4f54c92a361040822"

[[package]]
name = "cfg-if"
version = "1.0.0"
source = "registry+https://github.com/rust-lang/crates.io-index"
checksum = "baf1de4339761588bc0619e3cbc0120ee582ebb74b53b4efbf79117bd2da40fd"

[[package]]
name = "cipher"
version = "0.3.0"
source = "registry+https://github.com/rust-lang/crates.io-index"
checksum = "7ee52072ec15386f770805afd189a01c8841be8696bed250fa2f13c4c0d6dfb7"
dependencies = [
 "generic-array",
]

[[package]]
name = "clang-sys"
version = "1.2.0"
source = "registry+https://github.com/rust-lang/crates.io-index"
checksum = "853eda514c284c2287f4bf20ae614f8781f40a81d32ecda6e91449304dfe077c"
dependencies = [
 "glob",
 "libc",
 "libloading",
]

[[package]]
name = "clap"
version = "2.33.3"
source = "registry+https://github.com/rust-lang/crates.io-index"
checksum = "37e58ac78573c40708d45522f0d80fa2f01cc4f9b4e2bf749807255454312002"
dependencies = [
 "ansi_term",
 "atty",
 "bitflags",
 "strsim",
 "textwrap",
 "unicode-width",
 "vec_map",
]

[[package]]
name = "colored"
version = "2.0.0"
source = "registry+https://github.com/rust-lang/crates.io-index"
checksum = "b3616f750b84d8f0de8a58bda93e08e2a81ad3f523089b05f1dffecab48c6cbd"
dependencies = [
 "atty",
 "lazy_static",
 "winapi",
]

[[package]]
name = "contracts"
version = "0.6.0"
dependencies = [
 "proc-macro2",
 "quote",
 "syn",
]

[[package]]
name = "conv"
version = "0.3.3"
source = "registry+https://github.com/rust-lang/crates.io-index"
checksum = "78ff10625fd0ac447827aa30ea8b861fead473bb60aeb73af6c1c58caf0d1299"
dependencies = [
 "custom_derive",
]

[[package]]
name = "cpufeatures"
version = "0.1.5"
source = "registry+https://github.com/rust-lang/crates.io-index"
checksum = "66c99696f6c9dd7f35d486b9d04d7e6e202aa3e8c40d553f2fdf5e7e0c6a71ef"
dependencies = [
 "libc",
]

[[package]]
name = "crc32fast"
version = "1.2.1"
source = "registry+https://github.com/rust-lang/crates.io-index"
checksum = "81156fece84ab6a9f2afdb109ce3ae577e42b1228441eded99bd77f627953b1a"
dependencies = [
 "cfg-if 1.0.0",
]

[[package]]
name = "cuda-config"
version = "0.1.0"
source = "registry+https://github.com/rust-lang/crates.io-index"
checksum = "4ee74643f7430213a1a78320f88649de309b20b80818325575e393f848f79f5d"
dependencies = [
 "glob",
]

[[package]]
name = "cuda-driver-sys"
version = "0.3.0"
source = "registry+https://github.com/rust-lang/crates.io-index"
checksum = "1d4c552cc0de854877d80bcd1f11db75d42be32962d72a6799b88dcca88fffbd"
dependencies = [
 "cuda-config",
]

[[package]]
name = "custom_derive"
version = "0.1.7"
source = "registry+https://github.com/rust-lang/crates.io-index"
checksum = "ef8ae57c4978a2acd8b869ce6b9ca1dfe817bff704c220209fdef2c0b75a01b9"

[[package]]
name = "env_logger"
version = "0.7.1"
source = "registry+https://github.com/rust-lang/crates.io-index"
checksum = "44533bbbb3bb3c1fa17d9f2e4e38bbbaf8396ba82193c4cb1b6445d711445d36"
dependencies = [
 "atty",
 "humantime",
 "log",
 "regex",
 "termcolor",
]

[[package]]
name = "erased-serde"
version = "0.3.16"
source = "registry+https://github.com/rust-lang/crates.io-index"
checksum = "3de9ad4541d99dc22b59134e7ff8dc3d6c988c89ecd7324bf10a8362b07a2afa"
dependencies = [
 "serde",
]

[[package]]
name = "fallible-iterator"
version = "0.2.0"
source = "registry+https://github.com/rust-lang/crates.io-index"
checksum = "4443176a9f2c162692bd3d352d745ef9413eec5782a80d8fd6f8a1ac692a07f7"

[[package]]
name = "fallible-streaming-iterator"
version = "0.1.9"
source = "registry+https://github.com/rust-lang/crates.io-index"
checksum = "7360491ce676a36bf9bb3c56c1aa791658183a54d2744120f27285738d90465a"

[[package]]
name = "flate2"
version = "1.0.20"
source = "registry+https://github.com/rust-lang/crates.io-index"
checksum = "cd3aec53de10fe96d7d8c565eb17f2c687bb5518a2ec453b5b1252964526abe0"
dependencies = [
 "cfg-if 1.0.0",
 "crc32fast",
 "libc",
 "miniz_oxide",
]

[[package]]
name = "float_next_after"
version = "0.1.5"
dependencies = [
 "num-traits",
]

[[package]]
name = "fxhash"
version = "0.2.1"
source = "registry+https://github.com/rust-lang/crates.io-index"
checksum = "c31b6d751ae2c7f11320402d34e41349dd1016f8d5d45e48c4312bc8625af50c"
dependencies = [
 "byteorder",
]

[[package]]
name = "generic-array"
version = "0.14.4"
source = "registry+https://github.com/rust-lang/crates.io-index"
checksum = "501466ecc8a30d1d3b7fc9229b122b2ce8ed6e9d9223f1138d4babb253e51817"
dependencies = [
 "typenum",
 "version_check",
]

[[package]]
name = "getrandom"
version = "0.2.3"
source = "registry+https://github.com/rust-lang/crates.io-index"
checksum = "7fcd999463524c52659517fe2cea98493cfe485d10565e7b0fb07dbba7ad2753"
dependencies = [
 "cfg-if 1.0.0",
 "libc",
 "wasi",
]

[[package]]
name = "glob"
version = "0.3.0"
source = "registry+https://github.com/rust-lang/crates.io-index"
checksum = "9b919933a397b79c37e33b77bb2aa3dc8eb6e165ad809e58ff75bc7db2e34574"

[[package]]
name = "hashbrown"
version = "0.11.2"
source = "registry+https://github.com/rust-lang/crates.io-index"
checksum = "ab5ef0d4909ef3724cc8cce6ccc8572c5c817592e9285f5464f8e86f8bd3726e"
dependencies = [
 "ahash",
]

[[package]]
name = "hashlink"
version = "0.7.0"
source = "registry+https://github.com/rust-lang/crates.io-index"
checksum = "7249a3129cbc1ffccd74857f81464a323a152173cdb134e0fd81bc803b29facf"
dependencies = [
 "hashbrown",
]

[[package]]
name = "heck"
version = "0.3.3"
source = "registry+https://github.com/rust-lang/crates.io-index"
checksum = "6d621efb26863f0e9924c6ac577e8275e5e6b77455db64ffa6c65c904e9e132c"
dependencies = [
 "unicode-segmentation",
]

[[package]]
name = "hermit-abi"
version = "0.1.19"
source = "registry+https://github.com/rust-lang/crates.io-index"
checksum = "62b467343b94ba476dcb2500d242dadbb39557df889310ac77c5d99100aaac33"
dependencies = [
 "libc",
]

[[package]]
name = "humantime"
version = "1.3.0"
source = "registry+https://github.com/rust-lang/crates.io-index"
checksum = "df004cfca50ef23c36850aaaa59ad52cc70d0e90243c3c7737a4dd32dc7a3c4f"
dependencies = [
 "quick-error",
]

[[package]]
name = "indexmap"
version = "1.7.0"
source = "registry+https://github.com/rust-lang/crates.io-index"
checksum = "bc633605454125dec4b66843673f01c7df2b89479b32e0ed634e43a91cff62a5"
dependencies = [
 "autocfg",
 "hashbrown",
 "serde",
]

[[package]]
name = "itoa"
version = "0.4.7"
source = "registry+https://github.com/rust-lang/crates.io-index"
checksum = "dd25036021b0de88a0aff6b850051563c6516d0bf53f8638938edbb9de732736"

[[package]]
name = "jpeg-decoder"
version = "0.1.22"
source = "registry+https://github.com/rust-lang/crates.io-index"
checksum = "229d53d58899083193af11e15917b5640cd40b29ff475a1fe4ef725deb02d0f2"

[[package]]
name = "keyed_priority_queue"
version = "0.3.2"
source = "registry+https://github.com/rust-lang/crates.io-index"
checksum = "a7a59df08c683d655315a5a674004a3da802743579069278fa07c37cf8a3e8d4"
dependencies = [
 "indexmap",
]

[[package]]
name = "lazy_static"
version = "1.4.0"
source = "registry+https://github.com/rust-lang/crates.io-index"
checksum = "e2abad23fbc42b3700f2f279844dc832adb2b2eb069b2df918f455c4e18cc646"

[[package]]
name = "lazycell"
version = "1.3.0"
source = "registry+https://github.com/rust-lang/crates.io-index"
checksum = "830d08ce1d1d941e6b30645f1a0eb5643013d835ce3779a5fc208261dbe10f55"

[[package]]
name = "libc"
version = "0.2.98"
source = "registry+https://github.com/rust-lang/crates.io-index"
checksum = "320cfe77175da3a483efed4bc0adc1968ca050b098ce4f2f1c13a56626128790"

[[package]]
name = "libffi"
version = "1.0.1"
source = "registry+https://github.com/rust-lang/crates.io-index"
checksum = "f4fcb8a029c57c99c3465a2ae1a41b9cbbf7cdb7b52e482e1e3c7301686372ae"
dependencies = [
 "abort_on_panic",
 "libc",
 "libffi-sys",
]

[[package]]
name = "libffi-sys"
version = "1.1.1"
source = "registry+https://github.com/rust-lang/crates.io-index"
checksum = "7e91e835dcfc5532b8b680fc903d6a3ae1db5dc6a40175d75e25c19c2353994d"
dependencies = [
 "cc",
 "make-cmd",
]

[[package]]
name = "libloading"
version = "0.7.0"
source = "registry+https://github.com/rust-lang/crates.io-index"
checksum = "6f84d96438c15fcd6c3f244c8fce01d1e2b9c6b5623e9c711dc9286d8fc92d6a"
dependencies = [
 "cfg-if 1.0.0",
 "winapi",
]

[[package]]
name = "libm"
version = "0.2.1"
source = "registry+https://github.com/rust-lang/crates.io-index"
checksum = "c7d73b3f436185384286bd8098d17ec07c9a7d2388a6599f824d8502b529702a"

[[package]]
name = "libsqlite3-sys"
version = "0.22.2"
source = "registry+https://github.com/rust-lang/crates.io-index"
checksum = "290b64917f8b0cb885d9de0f9959fe1f775d7fa12f1da2db9001c1c8ab60f89d"
dependencies = [
 "pkg-config",
 "vcpkg",
]

[[package]]
name = "log"
version = "0.4.14"
source = "registry+https://github.com/rust-lang/crates.io-index"
checksum = "51b9bbe6c47d51fc3e1a9b945965946b4c44142ab8792c50835a980d362c2710"
dependencies = [
 "cfg-if 1.0.0",
]

[[package]]
name = "make-cmd"
version = "0.1.0"
source = "registry+https://github.com/rust-lang/crates.io-index"
checksum = "a8ca8afbe8af1785e09636acb5a41e08a765f5f0340568716c18a8700ba3c0d3"

[[package]]
name = "memchr"
version = "2.4.0"
source = "registry+https://github.com/rust-lang/crates.io-index"
checksum = "b16bd47d9e329435e309c58469fe0791c2d0d1ba96ec0954152a5ae2b04387dc"

[[package]]
name = "memoffset"
version = "0.6.4"
source = "registry+https://github.com/rust-lang/crates.io-index"
checksum = "59accc507f1338036a0477ef61afdae33cde60840f4dfe481319ce3ad116ddf9"
dependencies = [
 "autocfg",
]

[[package]]
name = "miniz_oxide"
version = "0.4.4"
source = "registry+https://github.com/rust-lang/crates.io-index"
checksum = "a92518e98c078586bc6c934028adcca4c92a53d6a958196de835170a01d84e4b"
dependencies = [
 "adler",
 "autocfg",
]

[[package]]
name = "mpi"
version = "0.6.0"
source = "git+https://github.com/rsmpi/rsmpi?rev=e9b1844#e9b18441bb967862f46f853b4d5ffda8f5c55b33"
dependencies = [
 "build-probe-mpi",
 "conv",
 "libffi",
 "memoffset",
 "mpi-derive",
 "mpi-sys",
 "once_cell",
 "smallvec",
]

[[package]]
name = "mpi-derive"
version = "0.1.0"
source = "git+https://github.com/rsmpi/rsmpi?rev=e9b1844#e9b18441bb967862f46f853b4d5ffda8f5c55b33"
dependencies = [
 "proc-macro2",
 "quote",
 "syn",
]

[[package]]
name = "mpi-sys"
version = "0.2.0"
source = "git+https://github.com/rsmpi/rsmpi?rev=e9b1844#e9b18441bb967862f46f853b4d5ffda8f5c55b33"
dependencies = [
 "bindgen",
 "build-probe-mpi",
 "cc",
]

[[package]]
name = "nanorand"
version = "0.6.0"
source = "registry+https://github.com/rust-lang/crates.io-index"
checksum = "02e9763cb29f123419ae7ec2a81b9e270b25ecf5ffd3744b6823680d73073fb7"

[[package]]
name = "necsim-core"
version = "0.1.0"
dependencies = [
 "contracts",
 "mpi",
 "necsim-core-bond",
 "rust-cuda",
 "serde",
 "typed-builder",
]

[[package]]
name = "necsim-core-bond"
version = "0.1.0"
dependencies = [
 "float_next_after",
 "mpi",
 "rust-cuda",
 "serde",
]

[[package]]
name = "necsim-impls-cuda"
version = "0.1.0"
dependencies = [
 "contracts",
 "necsim-core",
 "rust-cuda",
]

[[package]]
name = "necsim-impls-no-std"
version = "0.1.0"
dependencies = [
 "aes",
 "array2d",
 "contracts",
 "hashbrown",
 "libm",
 "log",
 "nanorand",
 "necsim-core",
 "necsim-core-bond",
 "necsim-partitioning-core",
 "rust-cuda",
 "seahash",
 "serde",
 "slab",
]

[[package]]
name = "necsim-impls-std"
version = "0.1.0"
dependencies = [
 "anyhow",
 "array2d",
 "bincode",
 "contracts",
 "fxhash",
 "glob",
 "keyed_priority_queue",
 "necsim-core",
 "necsim-core-bond",
 "necsim-impls-no-std",
 "pcg_rand",
 "rand",
 "serde",
 "thiserror",
]

[[package]]
name = "necsim-partitioning-core"
version = "0.1.0"
dependencies = [
 "anyhow",
 "contracts",
 "necsim-core",
 "necsim-core-bond",
]

[[package]]
name = "necsim-partitioning-monolithic"
version = "0.1.0"
dependencies = [
 "anyhow",
 "contracts",
 "necsim-core",
 "necsim-core-bond",
 "necsim-impls-std",
 "necsim-partitioning-core",
]

[[package]]
name = "necsim-partitioning-mpi"
version = "0.1.0"
dependencies = [
 "anyhow",
 "contracts",
 "mpi",
 "necsim-core",
 "necsim-core-bond",
 "necsim-impls-std",
 "necsim-partitioning-core",
 "necsim-partitioning-monolithic",
 "thiserror",
]

[[package]]
name = "necsim-plugins-common"
version = "0.1.0"
dependencies = [
 "contracts",
 "log",
 "necsim-core",
 "necsim-core-bond",
 "necsim-plugins-core",
 "serde",
]

[[package]]
name = "necsim-plugins-core"
version = "0.1.0"
dependencies = [
 "erased-serde",
 "libloading",
 "log",
 "necsim-core",
 "rustc_version",
 "serde",
]

[[package]]
name = "necsim-plugins-csv"
version = "0.1.0"
dependencies = [
 "necsim-core",
 "necsim-plugins-core",
 "serde",
]

[[package]]
name = "necsim-plugins-metacommunity"
version = "0.1.0"
dependencies = [
 "log",
 "necsim-core",
 "necsim-plugins-core",
 "rand",
 "serde",
]

[[package]]
name = "necsim-plugins-species"
version = "0.1.0"
dependencies = [
 "log",
 "necsim-core",
 "necsim-core-bond",
 "necsim-plugins-core",
 "rusqlite",
 "serde",
]

[[package]]
name = "necsim-plugins-statistics"
version = "0.1.0"
dependencies = [
 "necsim-core",
 "necsim-plugins-core",
 "serde",
]

[[package]]
name = "nom"
version = "5.1.2"
source = "registry+https://github.com/rust-lang/crates.io-index"
checksum = "ffb4262d26ed83a1c0a33a38fe2bb15797329c85770da05e6b828ddb782627af"
dependencies = [
 "memchr",
 "version_check",
]

[[package]]
name = "num-traits"
version = "0.2.14"
source = "registry+https://github.com/rust-lang/crates.io-index"
checksum = "9a64b1ec5cda2586e284722486d802acf1f7dbdc623e2bfc57e65ca1cd099290"
dependencies = [
 "autocfg",
 "libm",
]

[[package]]
name = "once_cell"
version = "1.8.0"
source = "registry+https://github.com/rust-lang/crates.io-index"
checksum = "692fcb63b64b1758029e0a96ee63e049ce8c5948587f2f7208df04625e5f6b56"

[[package]]
name = "opaque-debug"
version = "0.3.0"
source = "registry+https://github.com/rust-lang/crates.io-index"
checksum = "624a8340c38c1b80fd549087862da4ba43e08858af025b236e509b6649fc13d5"

[[package]]
name = "pcg_rand"
version = "0.13.0"
source = "registry+https://github.com/rust-lang/crates.io-index"
checksum = "963285c31bdd772140f7deb277b69bfd15d097fe0319256bd8ba2e897c389dcc"
dependencies = [
 "byteorder",
 "num-traits",
 "rand",
 "rand_core",
]

[[package]]
name = "peeking_take_while"
version = "0.1.2"
source = "registry+https://github.com/rust-lang/crates.io-index"
checksum = "19b17cddbe7ec3f8bc800887bab5e717348c95ea2ca0b1bf0837fb964dc67099"

[[package]]
name = "pkg-config"
version = "0.3.19"
source = "registry+https://github.com/rust-lang/crates.io-index"
checksum = "3831453b3449ceb48b6d9c7ad7c96d5ea673e9b470a1dc578c2ce6521230884c"

[[package]]
name = "ppv-lite86"
version = "0.2.10"
source = "registry+https://github.com/rust-lang/crates.io-index"
checksum = "ac74c624d6b2d21f425f752262f42188365d7b8ff1aff74c82e45136510a4857"

[[package]]
name = "proc-macro-error"
version = "1.0.4"
source = "registry+https://github.com/rust-lang/crates.io-index"
checksum = "da25490ff9892aab3fcf7c36f08cfb902dd3e71ca0f9f9517bea02a73a5ce38c"
dependencies = [
 "proc-macro-error-attr",
 "proc-macro2",
 "quote",
 "syn",
 "version_check",
]

[[package]]
name = "proc-macro-error-attr"
version = "1.0.4"
source = "registry+https://github.com/rust-lang/crates.io-index"
checksum = "a1be40180e52ecc98ad80b184934baf3d0d29f979574e439af5a55274b35f869"
dependencies = [
 "proc-macro2",
 "quote",
 "version_check",
]

[[package]]
name = "proc-macro2"
version = "1.0.27"
source = "registry+https://github.com/rust-lang/crates.io-index"
checksum = "f0d8caf72986c1a598726adc988bb5984792ef84f5ee5aa50209145ee8077038"
dependencies = [
 "unicode-xid",
]

[[package]]
name = "ptx-builder"
version = "0.5.3"
dependencies = [
 "antidote",
 "anyhow",
 "colored",
 "lazy_static",
 "regex",
 "semver",
 "thiserror",
 "toml",
]

[[package]]
name = "quick-error"
version = "1.2.3"
source = "registry+https://github.com/rust-lang/crates.io-index"
checksum = "a1d01941d82fa2ab50be1e79e6714289dd7cde78eba4c074bc5a4374f650dfe0"

[[package]]
name = "quote"
version = "1.0.9"
source = "registry+https://github.com/rust-lang/crates.io-index"
checksum = "c3d0b9745dc2debf507c8422de05d7226cc1f0644216dfdfead988f9b1ab32a7"
dependencies = [
 "proc-macro2",
]

[[package]]
name = "rand"
version = "0.8.4"
source = "registry+https://github.com/rust-lang/crates.io-index"
checksum = "2e7573632e6454cf6b99d7aac4ccca54be06da05aca2ef7423d22d27d4d4bcd8"
dependencies = [
 "libc",
 "rand_chacha",
 "rand_core",
 "rand_hc",
]

[[package]]
name = "rand_chacha"
version = "0.3.1"
source = "registry+https://github.com/rust-lang/crates.io-index"
checksum = "e6c10a63a0fa32252be49d21e7709d4d4baf8d231c2dbce1eaa8141b9b127d88"
dependencies = [
 "ppv-lite86",
 "rand_core",
]

[[package]]
name = "rand_core"
version = "0.6.3"
source = "registry+https://github.com/rust-lang/crates.io-index"
checksum = "d34f1408f55294453790c48b2f1ebbb1c5b4b7563eb1f418bcfcfdbb06ebb4e7"
dependencies = [
 "getrandom",
]

[[package]]
name = "rand_hc"
version = "0.3.1"
source = "registry+https://github.com/rust-lang/crates.io-index"
checksum = "d51e9f596de227fda2ea6c84607f5558e196eeaf43c986b724ba4fb8fdf497e7"
dependencies = [
 "rand_core",
]

[[package]]
name = "regex"
version = "1.5.4"
source = "registry+https://github.com/rust-lang/crates.io-index"
checksum = "d07a8629359eb56f1e2fb1652bb04212c072a87ba68546a04065d525673ac461"
dependencies = [
 "aho-corasick",
 "memchr",
 "regex-syntax",
]

[[package]]
name = "regex-syntax"
version = "0.6.25"
source = "registry+https://github.com/rust-lang/crates.io-index"
checksum = "f497285884f3fcff424ffc933e56d7cbca511def0c9831a7f9b5f6153e3cc89b"

[[package]]
name = "ron"
version = "0.6.4"
dependencies = [
 "base64",
 "bitflags",
 "indexmap",
 "serde",
 "serde_bytes",
 "serde_json",
]

[[package]]
name = "rusqlite"
version = "0.25.3"
source = "registry+https://github.com/rust-lang/crates.io-index"
checksum = "57adcf67c8faaf96f3248c2a7b419a0dbc52ebe36ba83dd57fe83827c1ea4eb3"
dependencies = [
 "bitflags",
 "fallible-iterator",
 "fallible-streaming-iterator",
 "hashlink",
 "libsqlite3-sys",
 "memchr",
 "smallvec",
]

[[package]]
name = "rust-cuda"
version = "0.1.0"
dependencies = [
 "rust-cuda-derive",
 "rustacuda",
 "rustacuda_core",
]

[[package]]
name = "rust-cuda-derive"
version = "0.1.0"
dependencies = [
 "proc-macro-error",
 "proc-macro2",
 "quote",
 "syn",
]

[[package]]
name = "rustacuda"
version = "0.1.2"
dependencies = [
 "bitflags",
 "cuda-driver-sys",
 "rustacuda_core",
 "rustacuda_derive",
]

[[package]]
name = "rustacuda_core"
version = "0.1.2"
dependencies = [
 "rustacuda",
 "rustacuda_derive",
]

[[package]]
name = "rustacuda_derive"
version = "0.1.2"
dependencies = [
 "proc-macro2",
 "quote",
 "syn",
]

[[package]]
name = "rustc-hash"
version = "1.1.0"
source = "registry+https://github.com/rust-lang/crates.io-index"
checksum = "08d43f7aa6b08d49f382cde6a7982047c3426db949b1424bc4b7ec9ae12c6ce2"

[[package]]
name = "rustc_version"
version = "0.4.0"
source = "registry+https://github.com/rust-lang/crates.io-index"
checksum = "bfa0f585226d2e68097d4f95d113b15b83a82e819ab25717ec0590d9584ef366"
dependencies = [
 "semver",
]

[[package]]
name = "rustcoalescence"
version = "0.1.0"
dependencies = [
 "anyhow",
 "array2d",
 "colored",
 "contracts",
 "log",
 "necsim-core",
 "necsim-core-bond",
 "necsim-impls-no-std",
 "necsim-impls-std",
 "necsim-partitioning-core",
 "necsim-partitioning-monolithic",
 "necsim-partitioning-mpi",
 "necsim-plugins-core",
 "ron",
 "rustcoalescence-algorithms",
 "rustcoalescence-algorithms-cuda",
 "rustcoalescence-algorithms-independent",
 "rustcoalescence-algorithms-monolithic",
 "rustcoalescence-scenarios",
 "serde",
 "serde_derive_state",
 "serde_path_to_error",
 "serde_state",
 "structopt",
 "thiserror",
 "tiff",
]

[[package]]
name = "rustcoalescence-algorithms"
version = "0.1.0"
dependencies = [
 "necsim-core",
 "necsim-core-bond",
 "necsim-impls-no-std",
 "necsim-partitioning-core",
 "rustcoalescence-scenarios",
]

[[package]]
name = "rustcoalescence-algorithms-cuda"
version = "0.1.0"
dependencies = [
 "anyhow",
 "contracts",
 "necsim-core",
 "necsim-core-bond",
 "necsim-impls-cuda",
 "necsim-impls-no-std",
 "necsim-impls-std",
 "necsim-partitioning-core",
 "rust-cuda",
 "rustcoalescence-algorithms",
 "rustcoalescence-algorithms-cuda-kernel",
 "rustcoalescence-algorithms-cuda-kernel-ptx-jit",
 "rustcoalescence-scenarios",
 "serde",
 "serde_derive_state",
 "serde_state",
]

[[package]]
name = "rustcoalescence-algorithms-cuda-kernel"
version = "0.1.0"
dependencies = [
 "necsim-core",
 "necsim-core-bond",
 "necsim-impls-cuda",
 "necsim-impls-no-std",
 "rust-cuda",
 "rustcoalescence-algorithms-cuda-kernel-ptx-jit",
 "rustcoalescence-algorithms-cuda-kernel-specialiser",
]

[[package]]
name = "rustcoalescence-algorithms-cuda-kernel-ptx-jit"
version = "0.1.0"
dependencies = [
 "lazy_static",
 "regex",
]

[[package]]
name = "rustcoalescence-algorithms-cuda-kernel-specialiser"
version = "0.1.0"
dependencies = [
 "proc-macro-error",
 "quote",
]

[[package]]
name = "rustcoalescence-algorithms-independent"
version = "0.1.0"
dependencies = [
 "necsim-core",
 "necsim-core-bond",
 "necsim-impls-no-std",
 "necsim-impls-std",
 "necsim-partitioning-core",
 "rustcoalescence-algorithms",
 "rustcoalescence-scenarios",
 "serde",
 "serde_derive_state",
 "serde_state",
]

[[package]]
name = "rustcoalescence-algorithms-monolithic"
version = "0.1.0"
dependencies = [
 "necsim-core",
 "necsim-core-bond",
 "necsim-impls-no-std",
 "necsim-impls-std",
 "necsim-partitioning-core",
 "rustcoalescence-algorithms",
 "rustcoalescence-scenarios",
 "serde",
 "serde_derive_state",
 "serde_state",
]

[[package]]
name = "rustcoalescence-scenarios"
version = "0.1.0"
dependencies = [
 "array2d",
 "log",
 "necsim-core",
 "necsim-core-bond",
 "necsim-impls-no-std",
 "necsim-impls-std",
 "serde",
 "thiserror",
]

[[package]]
name = "ryu"
version = "1.0.5"
source = "registry+https://github.com/rust-lang/crates.io-index"
checksum = "71d301d4193d031abdd79ff7e3dd721168a9572ef3fe51a1517aba235bd8f86e"

[[package]]
name = "seahash"
version = "4.1.0"
source = "registry+https://github.com/rust-lang/crates.io-index"
checksum = "1c107b6f4780854c8b126e228ea8869f4d7b71260f962fefb57b996b8959ba6b"

[[package]]
name = "semver"
version = "1.0.3"
source = "registry+https://github.com/rust-lang/crates.io-index"
checksum = "5f3aac57ee7f3272d8395c6e4f502f434f0e289fcd62876f70daa008c20dcabe"

[[package]]
name = "serde"
version = "1.0.126"
source = "registry+https://github.com/rust-lang/crates.io-index"
checksum = "ec7505abeacaec74ae4778d9d9328fe5a5d04253220a85c4ee022239fc996d03"
dependencies = [
 "serde_derive",
]

[[package]]
name = "serde_bytes"
version = "0.11.5"
source = "registry+https://github.com/rust-lang/crates.io-index"
checksum = "16ae07dd2f88a366f15bd0632ba725227018c69a1c8550a927324f8eb8368bb9"
dependencies = [
 "serde",
]

[[package]]
name = "serde_derive"
version = "1.0.126"
source = "registry+https://github.com/rust-lang/crates.io-index"
checksum = "963a7dbc9895aeac7ac90e74f34a5d5261828f79df35cbed41e10189d3804d43"
dependencies = [
 "proc-macro2",
 "quote",
 "syn",
]

[[package]]
name = "serde_derive_state"
version = "0.4.10"
source = "registry+https://github.com/rust-lang/crates.io-index"
checksum = "4bda1ea9a4f7c5304e85a1d878457087121ee7be0bef4a3315c14827325e8b12"
dependencies = [
 "proc-macro2",
 "quote",
 "syn",
]

[[package]]
name = "serde_json"
version = "1.0.64"
source = "registry+https://github.com/rust-lang/crates.io-index"
checksum = "799e97dc9fdae36a5c8b8f2cae9ce2ee9fdce2058c57a93e6099d919fd982f79"
dependencies = [
 "itoa",
 "ryu",
 "serde",
]

[[package]]
name = "serde_path_to_error"
version = "0.1.4"
source = "registry+https://github.com/rust-lang/crates.io-index"
checksum = "42f6109f0506e20f7e0f910e51a0079acf41da8e0694e6442527c4ddf5a2b158"
dependencies = [
 "serde",
]

[[package]]
name = "serde_state"
version = "0.4.8"
source = "registry+https://github.com/rust-lang/crates.io-index"
checksum = "740753f904603d9f3b7130b13125be3a470aca9e6616da18cb96d9291bd6a72a"
dependencies = [
 "serde",
]

[[package]]
name = "shlex"
version = "0.1.1"
source = "registry+https://github.com/rust-lang/crates.io-index"
checksum = "7fdf1b9db47230893d76faad238fd6097fd6d6a9245cd7a4d90dbd639536bbd2"

[[package]]
name = "slab"
version = "0.4.3"
source = "registry+https://github.com/rust-lang/crates.io-index"
checksum = "f173ac3d1a7e3b28003f40de0b5ce7fe2710f9b9dc3fc38664cebee46b3b6527"

[[package]]
name = "smallvec"
version = "1.6.1"
source = "registry+https://github.com/rust-lang/crates.io-index"
checksum = "fe0f37c9e8f3c5a4a66ad655a93c74daac4ad00c441533bf5c6e7990bb42604e"

[[package]]
name = "strsim"
version = "0.8.0"
source = "registry+https://github.com/rust-lang/crates.io-index"
checksum = "8ea5119cdb4c55b55d432abb513a0429384878c15dde60cc77b1c99de1a95a6a"

[[package]]
name = "structopt"
version = "0.3.22"
source = "registry+https://github.com/rust-lang/crates.io-index"
checksum = "69b041cdcb67226aca307e6e7be44c8806423d83e018bd662360a93dabce4d71"
dependencies = [
 "clap",
 "lazy_static",
 "structopt-derive",
]

[[package]]
name = "structopt-derive"
version = "0.4.15"
source = "registry+https://github.com/rust-lang/crates.io-index"
checksum = "7813934aecf5f51a54775e00068c237de98489463968231a51746bbbc03f9c10"
dependencies = [
 "heck",
 "proc-macro-error",
 "proc-macro2",
 "quote",
 "syn",
]

[[package]]
name = "syn"
version = "1.0.73"
source = "registry+https://github.com/rust-lang/crates.io-index"
checksum = "f71489ff30030d2ae598524f61326b902466f72a0fb1a8564c001cc63425bcc7"
dependencies = [
 "proc-macro2",
 "quote",
 "unicode-xid",
]

[[package]]
name = "termcolor"
version = "1.1.2"
source = "registry+https://github.com/rust-lang/crates.io-index"
checksum = "2dfed899f0eb03f32ee8c6a0aabdb8a7949659e3466561fc0adf54e26d88c5f4"
dependencies = [
 "winapi-util",
]

[[package]]
name = "textwrap"
version = "0.11.0"
source = "registry+https://github.com/rust-lang/crates.io-index"
checksum = "d326610f408c7a4eb6f51c37c330e496b08506c9457c9d34287ecc38809fb060"
dependencies = [
 "unicode-width",
]

[[package]]
name = "thiserror"
version = "1.0.26"
source = "registry+https://github.com/rust-lang/crates.io-index"
checksum = "93119e4feac1cbe6c798c34d3a53ea0026b0b1de6a120deef895137c0529bfe2"
dependencies = [
 "thiserror-impl",
]

[[package]]
name = "thiserror-impl"
version = "1.0.26"
source = "registry+https://github.com/rust-lang/crates.io-index"
checksum = "060d69a0afe7796bf42e9e2ff91f5ee691fb15c53d38b4b62a9a53eb23164745"
dependencies = [
 "proc-macro2",
 "quote",
 "syn",
]

[[package]]
name = "tiff"
version = "0.7.0"
source = "registry+https://github.com/rust-lang/crates.io-index"
checksum = "400e4ab5b897187c0a0a6c80ed886d28edcb8156e13e0c677b54a695a173c3fa"
dependencies = [
 "flate2",
 "jpeg-decoder",
 "weezl",
]

[[package]]
name = "toml"
version = "0.5.8"
source = "registry+https://github.com/rust-lang/crates.io-index"
checksum = "a31142970826733df8241ef35dc040ef98c679ab14d7c3e54d827099b3acecaa"
dependencies = [
 "serde",
]

[[package]]
name = "typed-builder"
version = "0.9.0"
source = "registry+https://github.com/rust-lang/crates.io-index"
checksum = "345426c7406aa355b60c5007c79a2d1f5b605540072795222f17f6443e6a9c6f"
dependencies = [
 "proc-macro2",
 "quote",
 "syn",
]

[[package]]
name = "typenum"
version = "1.13.0"
source = "registry+https://github.com/rust-lang/crates.io-index"
checksum = "879f6906492a7cd215bfa4cf595b600146ccfac0c79bcbd1f3000162af5e8b06"

[[package]]
name = "unicode-segmentation"
version = "1.8.0"
source = "registry+https://github.com/rust-lang/crates.io-index"
checksum = "8895849a949e7845e06bd6dc1aa51731a103c42707010a5b591c0038fb73385b"

[[package]]
name = "unicode-width"
version = "0.1.8"
source = "registry+https://github.com/rust-lang/crates.io-index"
checksum = "9337591893a19b88d8d87f2cec1e73fad5cdfd10e5a6f349f498ad6ea2ffb1e3"

[[package]]
name = "unicode-xid"
version = "0.2.2"
source = "registry+https://github.com/rust-lang/crates.io-index"
checksum = "8ccb82d61f80a663efe1f787a51b16b5a51e3314d6ac365b08639f52387b33f3"

[[package]]
name = "vcpkg"
version = "0.2.15"
source = "registry+https://github.com/rust-lang/crates.io-index"
checksum = "accd4ea62f7bb7a82fe23066fb0957d48ef677f6eeb8215f372f52e48bb32426"

[[package]]
name = "vec_map"
version = "0.8.2"
source = "registry+https://github.com/rust-lang/crates.io-index"
checksum = "f1bddf1187be692e79c5ffeab891132dfb0f236ed36a43c7ed39f1165ee20191"

[[package]]
name = "version_check"
version = "0.9.3"
source = "registry+https://github.com/rust-lang/crates.io-index"
checksum = "5fecdca9a5291cc2b8dcf7dc02453fee791a280f3743cb0905f8822ae463b3fe"

[[package]]
name = "wasi"
version = "0.10.2+wasi-snapshot-preview1"
source = "registry+https://github.com/rust-lang/crates.io-index"
checksum = "fd6fbd9a79829dd1ad0cc20627bf1ed606756a7f77edff7b66b7064f9cb327c6"

[[package]]
name = "weezl"
version = "0.1.5"
source = "registry+https://github.com/rust-lang/crates.io-index"
checksum = "d8b77fdfd5a253be4ab714e4ffa3c49caf146b4de743e97510c0656cf90f1e8e"

[[package]]
name = "which"
version = "3.1.1"
source = "registry+https://github.com/rust-lang/crates.io-index"
checksum = "d011071ae14a2f6671d0b74080ae0cd8ebf3a6f8c9589a2cd45f23126fe29724"
dependencies = [
 "libc",
]

[[package]]
name = "winapi"
version = "0.3.9"
source = "registry+https://github.com/rust-lang/crates.io-index"
checksum = "5c839a674fcd7a98952e593242ea400abe93992746761e38641405d28b00f419"
dependencies = [
 "winapi-i686-pc-windows-gnu",
 "winapi-x86_64-pc-windows-gnu",
]

[[package]]
name = "winapi-i686-pc-windows-gnu"
version = "0.4.0"
source = "registry+https://github.com/rust-lang/crates.io-index"
checksum = "ac3b87c63620426dd9b991e5ce0329eff545bccbbb34f3be09ff6fb6ab51b7b6"

[[package]]
name = "winapi-util"
version = "0.1.5"
source = "registry+https://github.com/rust-lang/crates.io-index"
checksum = "70ec6ce85bb158151cae5e5c87f95a8e97d2c0c4b001223f33a334e3ce5de178"
dependencies = [
 "winapi",
]

[[package]]
name = "winapi-x86_64-pc-windows-gnu"
version = "0.4.0"
source = "registry+https://github.com/rust-lang/crates.io-index"
checksum = "712e227841d057c1ee1cd2fb22fa7e5a5461ae8e48fa2ca79ec42cfc1931183f"
